
Microsoft Visual Studio Solution File, Format Version 12.00
# Visual Studio Version 18
VisualStudioVersion = 18.4.11626.88 stable
MinimumVisualStudioVersion = 10.0.40219.1
Project("{FAE04EC0-301F-11D3-BF4B-00C04F79EFBC}") = "BACKSGEDI", "BACKSGEDI.csproj", "{02E89638-D263-648F-9CB8-12F4F6636D62}"
EndProject
Global
	GlobalSection(SolutionConfigurationPlatforms) = preSolution
		Debug|Any CPU = Debug|Any CPU
		Release|Any CPU = Release|Any CPU
	EndGlobalSection
	GlobalSection(ProjectConfigurationPlatforms) = postSolution
		{02E89638-D263-648F-9CB8-12F4F6636D62}.Debug|Any CPU.ActiveCfg = Debug|Any CPU
		{02E89638-D263-648F-9CB8-12F4F6636D62}.Debug|Any CPU.Build.0 = Debug|Any CPU
		{02E89638-D263-648F-9CB8-12F4F6636D62}.Release|Any CPU.ActiveCfg = Release|Any CPU
		{02E89638-D263-648F-9CB8-12F4F6636D62}.Release|Any CPU.Build.0 = Release|Any CPU
	EndGlobalSection
	GlobalSection(SolutionProperties) = preSolution
		HideSolutionNode = FALSE
	EndGlobalSection
	GlobalSection(ExtensibilityGlobals) = postSolution
		SolutionGuid = {B98DD466-712F-4200-87AA-2B1DABE5D30A}
	EndGlobalSection
EndGlobal
